
Microsoft Visual Studio Solution File, Format Version 12.00
# Visual Studio Version 17
VisualStudioVersion = 17.5.33530.505
MinimumVisualStudioVersion = 10.0.40219.1
Project("{FAE04EC0-301F-11D3-BF4B-00C04F79EFBC}") = "Word-Cloud", "Word-Cloud.csproj", "{AB79D297-275F-467D-96EE-E0A792BB42E1}"
EndProject
Project("{FAE04EC0-301F-11D3-BF4B-00C04F79EFBC}") = "WordCloudTests", "..\WordCloudTests\WordCloudTests.csproj", "{8ADB22AA-9C8B-48A3-89F9-D0D6500E9F2C}"
EndProject
Global
	GlobalSection(SolutionConfigurationPlatforms) = preSolution
		Debug|Any CPU = Debug|Any CPU
		Release|Any CPU = Release|Any CPU
	EndGlobalSection
	GlobalSection(ProjectConfigurationPlatforms) = postSolution
		{AB79D297-275F-467D-96EE-E0A792BB42E1}.Debug|Any CPU.ActiveCfg = Debug|Any CPU
		{AB79D297-275F-467D-96EE-E0A792BB42E1}.Debug|Any CPU.Build.0 = Debug|Any CPU
		{AB79D297-275F-467D-96EE-E0A792BB42E1}.Release|Any CPU.ActiveCfg = Release|Any CPU
		{AB79D297-275F-467D-96EE-E0A792BB42E1}.Release|Any CPU.Build.0 = Release|Any CPU
		{8ADB22AA-9C8B-48A3-89F9-D0D6500E9F2C}.Debug|Any CPU.ActiveCfg = Debug|Any CPU
		{8ADB22AA-9C8B-48A3-89F9-D0D6500E9F2C}.Debug|Any CPU.Build.0 = Debug|Any CPU
		{8ADB22AA-9C8B-48A3-89F9-D0D6500E9F2C}.Release|Any CPU.ActiveCfg = Release|Any CPU
		{8ADB22AA-9C8B-48A3-89F9-D0D6500E9F2C}.Release|Any CPU.Build.0 = Release|Any CPU
	EndGlobalSection
	GlobalSection(SolutionProperties) = preSolution
		HideSolutionNode = FALSE
	EndGlobalSection
	GlobalSection(ExtensibilityGlobals) = postSolution
		SolutionGuid = {BFD17982-D952-4AC8-AB1B-29BBEECE5F07}
	EndGlobalSection
EndGlobal
